
Microsoft Visual Studio Solution File, Format Version 12.00
# Visual Studio Version 17
VisualStudioVersion = 17.5.33502.453
MinimumVisualStudioVersion = 10.0.40219.1
Project("{FAE04EC0-301F-11D3-BF4B-00C04F79EFBC}") = "ReactRealFun", "ReactRealFun.csproj", "{8CA14D01-D925-410F-BA9E-F9AE67026306}"
EndProject
Global
	GlobalSection(SolutionConfigurationPlatforms) = preSolution
		Debug|Any CPU = Debug|Any CPU
		Release|Any CPU = Release|Any CPU
	EndGlobalSection
	GlobalSection(ProjectConfigurationPlatforms) = postSolution
		{8CA14D01-D925-410F-BA9E-F9AE67026306}.Debug|Any CPU.ActiveCfg = Debug|Any CPU
		{8CA14D01-D925-410F-BA9E-F9AE67026306}.Debug|Any CPU.Build.0 = Debug|Any CPU
		{8CA14D01-D925-410F-BA9E-F9AE67026306}.Release|Any CPU.ActiveCfg = Release|Any CPU
		{8CA14D01-D925-410F-BA9E-F9AE67026306}.Release|Any CPU.Build.0 = Release|Any CPU
	EndGlobalSection
	GlobalSection(SolutionProperties) = preSolution
		HideSolutionNode = FALSE
	EndGlobalSection
	GlobalSection(ExtensibilityGlobals) = postSolution
		SolutionGuid = {5379834A-A70F-440E-9595-2FB3967A8234}
	EndGlobalSection
EndGlobal
